
Microsoft Visual Studio Solution File, Format Version 12.00
# Visual Studio Version 17
VisualStudioVersion = 17.8.34309.116
MinimumVisualStudioVersion = 10.0.40219.1
Project("{FAE04EC0-301F-11D3-BF4B-00C04F79EFBC}") = "ConsoleUI", "ConsoleUI\ConsoleUI.csproj", "{2B6CDBC7-5D53-49C4-A671-308AA37CC6F5}"
EndProject
Global
	GlobalSection(SolutionConfigurationPlatforms) = preSolution
		Debug|Any CPU = Debug|Any CPU
		Release|Any CPU = Release|Any CPU
	EndGlobalSection
	GlobalSection(ProjectConfigurationPlatforms) = postSolution
		{2B6CDBC7-5D53-49C4-A671-308AA37CC6F5}.Debug|Any CPU.ActiveCfg = Debug|Any CPU
		{2B6CDBC7-5D53-49C4-A671-308AA37CC6F5}.Debug|Any CPU.Build.0 = Debug|Any CPU
		{2B6CDBC7-5D53-49C4-A671-308AA37CC6F5}.Release|Any CPU.ActiveCfg = Release|Any CPU
		{2B6CDBC7-5D53-49C4-A671-308AA37CC6F5}.Release|Any CPU.Build.0 = Release|Any CPU
	EndGlobalSection
	GlobalSection(SolutionProperties) = preSolution
		HideSolutionNode = FALSE
	EndGlobalSection
	GlobalSection(ExtensibilityGlobals) = postSolution
		SolutionGuid = {CE40515C-5128-4F6B-91A4-6DA3A935B3E2}
	EndGlobalSection
EndGlobal
